// !$*UTF8*$!
{
	archiveVersion = 1;
	classes = {
	};
	objectVersion = 50;
	objects = {

/* Begin PBXBuildFile section */
		73070337255A261100BE49D5 /* AppDelegate.swift in Sources */ = {isa = PBXBuildFile; fileRef = 73070336255A261100BE49D5 /* AppDelegate.swift */; };
		73070339255A261100BE49D5 /* SceneDelegate.swift in Sources */ = {isa = PBXBuildFile; fileRef = 73070338255A261100BE49D5 /* SceneDelegate.swift */; };
		7307033B255A261100BE49D5 /* ViewController.swift in Sources */ = {isa = PBXBuildFile; fileRef = 7307033A255A261100BE49D5 /* ViewController.swift */; };
		7307033E255A261100BE49D5 /* Main.storyboard in Resources */ = {isa = PBXBuildFile; fileRef = 7307033C255A261100BE49D5 /* Main.storyboard */; };
		73070340255A261400BE49D5 /* Assets.xcassets in Resources */ = {isa = PBXBuildFile; fileRef = 7307033F255A261400BE49D5 /* Assets.xcassets */; };
		73070343255A261400BE49D5 /* LaunchScreen.storyboard in Resources */ = {isa = PBXBuildFile; fileRef = 73070341255A261400BE49D5 /* LaunchScreen.storyboard */; };
		7307034B255A263200BE49D5 /* Movie.swift in Sources */ = {isa = PBXBuildFile; fileRef = 7307034A255A263200BE49D5 /* Movie.swift */; };
		7307034D255A269B00BE49D5 /* APIResults.swift in Sources */ = {isa = PBXBuildFile; fileRef = 7307034C255A269B00BE49D5 /* APIResults.swift */; };
		7307034F255A2C8600BE49D5 /* CollectionCell.swift in Sources */ = {isa = PBXBuildFile; fileRef = 7307034E255A2C8600BE49D5 /* CollectionCell.swift */; };
		73070351255A2D0400BE49D5 /* DetailedViewController.swift in Sources */ = {isa = PBXBuildFile; fileRef = 73070350255A2D0400BE49D5 /* DetailedViewController.swift */; };
		73070355255B4DF200BE49D5 /* favorites.plist in Resources */ = {isa = PBXBuildFile; fileRef = 73070354255B4DF200BE49D5 /* favorites.plist */; };
		73070357255B4E8800BE49D5 /* FavoriteView.swift in Sources */ = {isa = PBXBuildFile; fileRef = 73070356255B4E8800BE49D5 /* FavoriteView.swift */; };
/* End PBXBuildFile section */

/* Begin PBXFileReference section */
		73070333255A261100BE49D5 /* MasonKelber-Lab4.app */ = {isa = PBXFileReference; explicitFileType = wrapper.application; includeInIndex = 0; path = "MasonKelber-Lab4.app"; sourceTree = BUILT_PRODUCTS_DIR; };
		73070336255A261100BE49D5 /* AppDelegate.swift */ = {isa = PBXFileReference; lastKnownFileType = sourcecode.swift; path = AppDelegate.swift; sourceTree = "<group>"; };
		73070338255A261100BE49D5 /* SceneDelegate.swift */ = {isa = PBXFileReference; lastKnownFileType = sourcecode.swift; path = SceneDelegate.swift; sourceTree = "<group>"; };
		7307033A255A261100BE49D5 /* ViewController.swift */ = {isa = PBXFileReference; lastKnownFileType = sourcecode.swift; path = ViewController.swift; sourceTree = "<group>"; };
		7307033D255A261100BE49D5 /* Base */ = {isa = PBXFileReference; lastKnownFileType = file.storyboard; name = Base; path = Base.lproj/Main.storyboard; sourceTree = "<group>"; };
		7307033F255A261400BE49D5 /* Assets.xcassets */ = {isa = PBXFileReference; lastKnownFileType = folder.assetcatalog; path = Assets.xcassets; sourceTree = "<group>"; };
		73070342255A261400BE49D5 /* Base */ = {isa = PBXFileReference; lastKnownFileType = file.storyboard; name = Base; path = Base.lproj/LaunchScreen.storyboard; sourceTree = "<group>"; };
		73070344255A261400BE49D5 /* Info.plist */ = {isa = PBXFileReference; lastKnownFileType = text.plist.xml; path = Info.plist; sourceTree = "<group>"; };
		7307034A255A263200BE49D5 /* Movie.swift */ = {isa = PBXFileReference; lastKnownFileType = sourcecode.swift; path = Movie.swift; sourceTree = "<group>"; };
		7307034C255A269B00BE49D5 /* APIResults.swift */ = {isa = PBXFileReference; lastKnownFileType = sourcecode.swift; path = APIResults.swift; sourceTree = "<group>"; };
		7307034E255A2C8600BE49D5 /* CollectionCell.swift */ = {isa = PBXFileReference; lastKnownFileType = sourcecode.swift; path = CollectionCell.swift; sourceTree = "<group>"; };
		73070350255A2D0400BE49D5 /* DetailedViewController.swift */ = {isa = PBXFileReference; lastKnownFileType = sourcecode.swift; path = DetailedViewController.swift; sourceTree = "<group>"; };
		73070354255B4DF200BE49D5 /* favorites.plist */ = {isa = PBXFileReference; lastKnownFileType = text.plist.xml; path = favorites.plist; sourceTree = "<group>"; };
		73070356255B4E8800BE49D5 /* FavoriteView.swift */ = {isa = PBXFileReference; lastKnownFileType = sourcecode.swift; path = FavoriteView.swift; sourceTree = "<group>"; };
/* End PBXFileReference section */

/* Begin PBXFrameworksBuildPhase section */
		73070330255A261100BE49D5 /* Frameworks */ = {
			isa = PBXFrameworksBuildPhase;
			buildActionMask = 2147483647;
			files = (
			);
			runOnlyForDeploymentPostprocessing = 0;
		};
/* End PBXFrameworksBuildPhase section */

/* Begin PBXGroup section */
		7307032A255A261000BE49D5 = {
			isa = PBXGroup;
			children = (
				73070335255A261100BE49D5 /* MasonKelber-Lab4 */,
				73070334255A261100BE49D5 /* Products */,
			);
			sourceTree = "<group>";
		};
		73070334255A261100BE49D5 /* Products */ = {
			isa = PBXGroup;
			children = (
				73070333255A261100BE49D5 /* MasonKelber-Lab4.app */,
			);
			name = Products;
			sourceTree = "<group>";
		};
		73070335255A261100BE49D5 /* MasonKelber-Lab4 */ = {
			isa = PBXGroup;
			children = (
				7307034E255A2C8600BE49D5 /* CollectionCell.swift */,
				73070350255A2D0400BE49D5 /* DetailedViewController.swift */,
				73070336255A261100BE49D5 /* AppDelegate.swift */,
				7307034A255A263200BE49D5 /* Movie.swift */,
				7307034C255A269B00BE49D5 /* APIResults.swift */,
				73070338255A261100BE49D5 /* SceneDelegate.swift */,
				7307033A255A261100BE49D5 /* ViewController.swift */,
				73070354255B4DF200BE49D5 /* favorites.plist */,
				73070356255B4E8800BE49D5 /* FavoriteView.swift */,
				7307033C255A261100BE49D5 /* Main.storyboard */,
				73070341255A261400BE49D5 /* LaunchScreen.storyboard */,
				7307033F255A261400BE49D5 /* Assets.xcassets */,
				73070344255A261400BE49D5 /* Info.plist */,
			);
			path = "MasonKelber-Lab4";
			sourceTree = "<group>";
		};
/* End PBXGroup section */

/* Begin PBXNativeTarget section */
		73070332255A261100BE49D5 /* MasonKelber-Lab4 */ = {
			isa = PBXNativeTarget;
			buildConfigurationList = 73070347255A261400BE49D5 /* Build configuration list for PBXNativeTarget "MasonKelber-Lab4" */;
			buildPhases = (
				7307032F255A261100BE49D5 /* Sources */,
				73070330255A261100BE49D5 /* Frameworks */,
				73070331255A261100BE49D5 /* Resources */,
			);
			buildRules = (
			);
			dependencies = (
			);
			name = "MasonKelber-Lab4";
			productName = "MasonKelber-Lab4";
			productReference = 73070333255A261100BE49D5 /* MasonKelber-Lab4.app */;
			productType = "com.apple.product-type.application";
		};
/* End PBXNativeTarget section */

/* Begin PBXProject section */
		7307032B255A261000BE49D5 /* Project object */ = {
			isa = PBXProject;
			attributes = {
				LastSwiftUpdateCheck = 1150;
				LastUpgradeCheck = 1150;
				ORGANIZATIONNAME = MasonKelber;
				TargetAttributes = {
					73070332255A261100BE49D5 = {
						CreatedOnToolsVersion = 11.5;
					};
				};
			};
			buildConfigurationList = 7307032E255A261100BE49D5 /* Build configuration list for PBXProject "MasonKelber-Lab4" */;
			compatibilityVersion = "Xcode 9.3";
			developmentRegion = en;
			hasScannedForEncodings = 0;
			knownRegions = (
				en,
				Base,
			);
			mainGroup = 7307032A255A261000BE49D5;
			productRefGroup = 73070334255A261100BE49D5 /* Products */;
			projectDirPath = "";
			projectRoot = "";
			targets = (
				73070332255A261100BE49D5 /* MasonKelber-Lab4 */,
			);
		};
/* End PBXProject section */

/* Begin PBXResourcesBuildPhase section */
		73070331255A261100BE49D5 /* Resources */ = {
			isa = PBXResourcesBuildPhase;
			buildActionMask = 2147483647;
			files = (
				73070355255B4DF200BE49D5 /* favorites.plist in Resources */,
				73070343255A261400BE49D5 /* LaunchScreen.storyboard in Resources */,
				73070340255A261400BE49D5 /* Assets.xcassets in Resources */,
				7307033E255A261100BE49D5 /* Main.storyboard in Resources */,
			);
			runOnlyForDeploymentPostprocessing = 0;
		};
/* End PBXResourcesBuildPhase section */

/* Begin PBXSourcesBuildPhase section */
		7307032F255A261100BE49D5 /* Sources */ = {
			isa = PBXSourcesBuildPhase;
			buildActionMask = 2147483647;
			files = (
				73070357255B4E8800BE49D5 /* FavoriteView.swift in Sources */,
				7307033B255A261100BE49D5 /* ViewController.swift in Sources */,
				73070337255A261100BE49D5 /* AppDelegate.swift in Sources */,
				7307034B255A263200BE49D5 /* Movie.swift in Sources */,
				73070339255A261100BE49D5 /* SceneDelegate.swift in Sources */,
				73070351255A2D0400BE49D5 /* DetailedViewController.swift in Sources */,
				7307034D255A269B00BE49D5 /* APIResults.swift in Sources */,
				7307034F255A2C8600BE49D5 /* CollectionCell.swift in Sources */,
			);
			runOnlyForDeploymentPostprocessing = 0;
		};
/* End PBXSourcesBuildPhase section */

/* Begin PBXVariantGroup section */
		7307033C255A261100BE49D5 /* Main.storyboard */ = {
			isa = PBXVariantGroup;
			children = (
				7307033D255A261100BE49D5 /* Base */,
			);
			name = Main.storyboard;
			sourceTree = "<group>";
		};
		73070341255A261400BE49D5 /* LaunchScreen.storyboard */ = {
			isa = PBXVariantGroup;
			children = (
				73070342255A261400BE49D5 /* Base */,
			);
			name = LaunchScreen.storyboard;
			sourceTree = "<group>";
		};
/* End PBXVariantGroup section */

/* Begin XCBuildConfiguration section */
		73070345255A261400BE49D5 /* Debug */ = {
			isa = XCBuildConfiguration;
			buildSettings = {
				ALWAYS_SEARCH_USER_PATHS = NO;
				CLANG_ANALYZER_NONNULL = YES;
				CLANG_ANALYZER_NUMBER_OBJECT_CONVERSION = YES_AGGRESSIVE;
				CLANG_CXX_LANGUAGE_STANDARD = "gnu++14";
				CLANG_CXX_LIBRARY = "libc++";
				CLANG_ENABLE_MODULES = YES;
				CLANG_ENABLE_OBJC_ARC = YES;
				CLANG_ENABLE_OBJC_WEAK = YES;
				CLANG_WARN_BLOCK_CAPTURE_AUTORELEASING = YES;
				CLANG_WARN_BOOL_CONVERSION = YES;
				CLANG_WARN_COMMA = YES;
				CLANG_WARN_CONSTANT_CONVERSION = YES;
				CLANG_WARN_DEPRECATED_OBJC_IMPLEMENTATIONS = YES;
				CLANG_WARN_DIRECT_OBJC_ISA_USAGE = YES_ERROR;
				CLANG_WARN_DOCUMENTATION_COMMENTS = YES;
				CLANG_WARN_EMPTY_BODY = YES;
				CLANG_WARN_ENUM_CONVERSION = YES;
				CLANG_WARN_INFINITE_RECURSION = YES;
				CLANG_WARN_INT_CONVERSION = YES;
				CLANG_WARN_NON_LITERAL_NULL_CONVERSION = YES;
				CLANG_WARN_OBJC_IMPLICIT_RETAIN_SELF = YES;
				CLANG_WARN_OBJC_LITERAL_CONVERSION = YES;
				CLANG_WARN_OBJC_ROOT_CLASS = YES_ERROR;
				CLANG_WARN_RANGE_LOOP_ANALYSIS = YES;
				CLANG_WARN_STRICT_PROTOTYPES = YES;
				CLANG_WARN_SUSPICIOUS_MOVE = YES;
				CLANG_WARN_UNGUARDED_AVAILABILITY = YES_AGGRESSIVE;
				CLANG_WARN_UNREACHABLE_CODE = YES;
				CLANG_WARN__DUPLICATE_METHOD_MATCH = YES;
				COPY_PHASE_STRIP = NO;
				DEBUG_INFORMATION_FORMAT = dwarf;
				ENABLE_STRICT_OBJC_MSGSEND = YES;
				ENABLE_TESTABILITY = YES;
				GCC_C_LANGUAGE_STANDARD = gnu11;
				GCC_DYNAMIC_NO_PIC = NO;
				GCC_NO_COMMON_BLOCKS = YES;
				GCC_OPTIMIZATION_LEVEL = 0;
				GCC_PREPROCESSOR_DEFINITIONS = (
					"DEBUG=1",
					"$(inherited)",
				);
				GCC_WARN_64_TO_32_BIT_CONVERSION = YES;
				GCC_WARN_ABOUT_RETURN_TYPE = YES_ERROR;
				GCC_WARN_UNDECLARED_SELECTOR = YES;
				GCC_WARN_UNINITIALIZED_AUTOS = YES_AGGRESSIVE;
				GCC_WARN_UNUSED_FUNCTION = YES;
				GCC_WARN_UNUSED_VARIABLE = YES;
				IPHONEOS_DEPLOYMENT_TARGET = 13.5;
				MTL_ENABLE_DEBUG_INFO = INCLUDE_SOURCE;
				MTL_FAST_MATH = YES;
				ONLY_ACTIVE_ARCH = YES;
				SDKROOT = iphoneos;
				SWIFT_ACTIVE_COMPILATION_CONDITIONS = DEBUG;
				SWIFT_OPTIMIZATION_LEVEL = "-Onone";
			};
			name = Debug;
		};
		73070346255A261400BE49D5 /* Release */ = {
			isa = XCBuildConfiguration;
			buildSettings = {
				ALWAYS_SEARCH_USER_PATHS = NO;
				CLANG_ANALYZER_NONNULL = YES;
				CLANG_ANALYZER_NUMBER_OBJECT_CONVERSION = YES_AGGRESSIVE;
				CLANG_CXX_LANGUAGE_STANDARD = "gnu++14";
				CLANG_CXX_LIBRARY = "libc++";
				CLANG_ENABLE_MODULES = YES;
				CLANG_ENABLE_OBJC_ARC = YES;
				CLANG_ENABLE_OBJC_WEAK = YES;
				CLANG_WARN_BLOCK_CAPTURE_AUTORELEASING = YES;
				CLANG_WARN_BOOL_CONVERSION = YES;
				CLANG_WARN_COMMA = YES;
				CLANG_WARN_CONSTANT_CONVERSION = YES;
				CLANG_WARN_DEPRECATED_OBJC_IMPLEMENTATIONS = YES;
				CLANG_WARN_DIRECT_OBJC_ISA_USAGE = YES_ERROR;
				CLANG_WARN_DOCUMENTATION_COMMENTS = YES;
				CLANG_WARN_EMPTY_BODY = YES;
				CLANG_WARN_ENUM_CONVERSION = YES;
				CLANG_WARN_INFINITE_RECURSION = YES;
				CLANG_WARN_INT_CONVERSION = YES;
				CLANG_WARN_NON_LITERAL_NULL_CONVERSION = YES;
				CLANG_WARN_OBJC_IMPLICIT_RETAIN_SELF = YES;
				CLANG_WARN_OBJC_LITERAL_CONVERSION = YES;
				CLANG_WARN_OBJC_ROOT_CLASS = YES_ERROR;
				CLANG_WARN_RANGE_LOOP_ANALYSIS = YES;
				CLANG_WARN_STRICT_PROTOTYPES = YES;
				CLANG_WARN_SUSPICIOUS_MOVE = YES;
				CLANG_WARN_UNGUARDED_AVAILABILITY = YES_AGGRESSIVE;
				CLANG_WARN_UNREACHABLE_CODE = YES;
				CLANG_WARN__DUPLICATE_METHOD_MATCH = YES;
				COPY_PHASE_STRIP = NO;
				DEBUG_INFORMATION_FORMAT = "dwarf-with-dsym";
				ENABLE_NS_ASSERTIONS = NO;
				ENABLE_STRICT_OBJC_MSGSEND = YES;
				GCC_C_LANGUAGE_STANDARD = gnu11;
				GCC_NO_COMMON_BLOCKS = YES;
				GCC_WARN_64_TO_32_BIT_CONVERSION = YES;
				GCC_WARN_ABOUT_RETURN_TYPE = YES_ERROR;
				GCC_WARN_UNDECLARED_SELECTOR = YES;
				GCC_WARN_UNINITIALIZED_AUTOS = YES_AGGRESSIVE;
				GCC_WARN_UNUSED_FUNCTION = YES;
				GCC_WARN_UNUSED_VARIABLE = YES;
				IPHONEOS_DEPLOYMENT_TARGET = 13.5;
				MTL_ENABLE_DEBUG_INFO = NO;
				MTL_FAST_MATH = YES;
				SDKROOT = iphoneos;
				SWIFT_COMPILATION_MODE = wholemodule;
				SWIFT_OPTIMIZATION_LEVEL = "-O";
				VALIDATE_PRODUCT = YES;
			};
			name = Release;
		};
		73070348255A261400BE49D5 /* Debug */ = {
			isa = XCBuildConfiguration;
			buildSettings = {
				ASSETCATALOG_COMPILER_APPICON_NAME = AppIcon;
				CODE_SIGN_STYLE = Automatic;
				INFOPLIST_FILE = "MasonKelber-Lab4/Info.plist";
				LD_RUNPATH_SEARCH_PATHS = (
					"$(inherited)",
					"@executable_path/Frameworks",
				);
				PRODUCT_BUNDLE_IDENTIFIER = "MasonKelber438.MasonKelber-Lab4";
				PRODUCT_NAME = "$(TARGET_NAME)";
				SWIFT_VERSION = 5.0;
				TARGETED_DEVICE_FAMILY = "1,2";
			};
			name = Debug;
		};
		73070349255A261400BE49D5 /* Release */ = {
			isa = XCBuildConfiguration;
			buildSettings = {
				ASSETCATALOG_COMPILER_APPICON_NAME = AppIcon;
				CODE_SIGN_STYLE = Automatic;
				INFOPLIST_FILE = "MasonKelber-Lab4/Info.plist";
				LD_RUNPATH_SEARCH_PATHS = (
					"$(inherited)",
					"@executable_path/Frameworks",
				);
				PRODUCT_BUNDLE_IDENTIFIER = "MasonKelber438.MasonKelber-Lab4";
				PRODUCT_NAME = "$(TARGET_NAME)";
				SWIFT_VERSION = 5.0;
				TARGETED_DEVICE_FAMILY = "1,2";
			};
			name = Release;
		};
/* End XCBuildConfiguration section */

/* Begin XCConfigurationList section */
		7307032E255A261100BE49D5 /* Build configuration list for PBXProject "MasonKelber-Lab4" */ = {
			isa = XCConfigurationList;
			buildConfigurations = (
				73070345255A261400BE49D5 /* Debug */,
				73070346255A261400BE49D5 /* Release */,
			);
			defaultConfigurationIsVisible = 0;
			defaultConfigurationName = Release;
		};
		73070347255A261400BE49D5 /* Build configuration list for PBXNativeTarget "MasonKelber-Lab4" */ = {
			isa = XCConfigurationList;
			buildConfigurations = (
				73070348255A261400BE49D5 /* Debug */,
				73070349255A261400BE49D5 /* Release */,
			);
			defaultConfigurationIsVisible = 0;
			defaultConfigurationName = Release;
		};
/* End XCConfigurationList section */
	};
	rootObject = 7307032B255A261000BE49D5 /* Project object */;
}
